
Microsoft Visual Studio Solution File, Format Version 11.00
# Visual Studio 2010
Project("{FAE04EC0-301F-11D3-BF4B-00C04F79EFBC}") = "MapFrame.Core", "MapFrame.Core\MapFrame.Core.csproj", "{93BF4753-8212-40BF-95B5-6915DFF8BC1D}"
EndProject
Project("{FAE04EC0-301F-11D3-BF4B-00C04F79EFBC}") = "MapFrame.GMap", "MapFrame.GMap\MapFrame.GMap.csproj", "{8A9693CB-48C7-471F-9BD8-0654BC67D9C3}"
EndProject
Project("{FAE04EC0-301F-11D3-BF4B-00C04F79EFBC}") = "MapFrame.Logic", "MapFrame.Logic\MapFrame.Logic.csproj", "{D5109E62-D6DC-4F77-ABB5-9BBDA64A1FC6}"
EndProject
Project("{FAE04EC0-301F-11D3-BF4B-00C04F79EFBC}") = "MapFrame.ArcMap", "MapFrame.ArcMap\MapFrame.ArcMap.csproj", "{58202325-3B58-4655-BC9A-792C14E6E51D}"
EndProject
Project("{FAE04EC0-301F-11D3-BF4B-00C04F79EFBC}") = "ArcMapTest", "ArcMapTest\ArcMapTest.csproj", "{EC4F305F-18D4-4F09-A4DA-09E4831433DA}"
EndProject
Project("{FAE04EC0-301F-11D3-BF4B-00C04F79EFBC}") = "MapFrame.ArcGlobe", "MapFrame.ArcGlobe\MapFrame.ArcGlobe.csproj", "{4DC3DDBF-6B23-4C43-A3E2-B56D55C1862E}"
EndProject
Project("{FAE04EC0-301F-11D3-BF4B-00C04F79EFBC}") = "ArcGlobeTest", "ArcGlobeTest\ArcGlobeTest.csproj", "{9475CC9F-F5B7-4E60-89FA-84D3F4E9F880}"
EndProject
Project("{FAE04EC0-301F-11D3-BF4B-00C04F79EFBC}") = "GMap.NET.Core", "greatmaps\GMap.NET.Core\GMap.NET.Core.csproj", "{D0C39D9D-BED0-418B-9A5E-713176CAF40C}"
EndProject
Project("{FAE04EC0-301F-11D3-BF4B-00C04F79EFBC}") = "GMap.NET.WindowsForms", "greatmaps\GMap.NET.WindowsForms\GMap.NET.WindowsForms.csproj", "{E06DEF77-F933-42FB-AFD7-DB2D0D8D6A98}"
EndProject
Project("{FAE04EC0-301F-11D3-BF4B-00C04F79EFBC}") = "MapFrame.Mgis", "MapFrame.Mgis\MapFrame.Mgis.csproj", "{7175E23A-F200-4E70-B67A-AF7C3A7AC56B}"
EndProject
Project("{FAE04EC0-301F-11D3-BF4B-00C04F79EFBC}") = "MgisTilesImportTool", "MgisTilesImportTool\MgisTilesImportTool.csproj", "{096C1F3A-2C8A-40FD-A26B-3DAE28A288C7}"
EndProject
Project("{FAE04EC0-301F-11D3-BF4B-00C04F79EFBC}") = "MGISTest", "MGISTest\MGISTest.csproj", "{EB7390E5-0D71-4908-8BC0-17897C1B2C1D}"
EndProject
Project("{FAE04EC0-301F-11D3-BF4B-00C04F79EFBC}") = "MapFrame.Test", "MapFrame.Test\MapFrame.Test.csproj", "{101EA92B-D062-48DC-BEA4-3CCFD4E075CA}"
EndProject
Project("{FAE04EC0-301F-11D3-BF4B-00C04F79EFBC}") = "GlobleSituation", "GlobleSituation\GlobleSituation.csproj", "{16DA6FD4-32E1-454E-A62A-8F30EE1A2132}"
EndProject
Project("{FAE04EC0-301F-11D3-BF4B-00C04F79EFBC}") = "GMapTest", "GMapTest\GMapTest.csproj", "{127BCCBA-3A9E-4E20-BAD7-B4F7B693A42B}"
EndProject
Project("{FAE04EC0-301F-11D3-BF4B-00C04F79EFBC}") = "ImitateDevice", "..\ImitateDevice\ImitateDevice.csproj", "{8F0938A8-A8F7-4059-80EE-F459E7BFD941}"
EndProject
Project("{FAE04EC0-301F-11D3-BF4B-00C04F79EFBC}") = "GXStrore", "GXStroe\GXStrore.csproj", "{279C7C4A-DE83-4421-BA63-ADB93C4424D3}"
EndProject
Project("{FAE04EC0-301F-11D3-BF4B-00C04F79EFBC}") = "WindowsFormsApplication1", "WindowsFormsApplication1\WindowsFormsApplication1.csproj", "{492ED09E-B87C-49A9-86AD-C40B224B5A0A}"
EndProject
Global
	GlobalSection(SolutionConfigurationPlatforms) = preSolution
		Debug|Any CPU = Debug|Any CPU
		Debug|Mixed Platforms = Debug|Mixed Platforms
		Debug|x86 = Debug|x86
		Release|Any CPU = Release|Any CPU
		Release|Mixed Platforms = Release|Mixed Platforms
		Release|x86 = Release|x86
		v4.0-Debug|Any CPU = v4.0-Debug|Any CPU
		v4.0-Debug|Mixed Platforms = v4.0-Debug|Mixed Platforms
		v4.0-Debug|x86 = v4.0-Debug|x86
		v4.0-Release|Any CPU = v4.0-Release|Any CPU
		v4.0-Release|Mixed Platforms = v4.0-Release|Mixed Platforms
		v4.0-Release|x86 = v4.0-Release|x86
	EndGlobalSection
	GlobalSection(ProjectConfigurationPlatforms) = postSolution
		{93BF4753-8212-40BF-95B5-6915DFF8BC1D}.Debug|Any CPU.ActiveCfg = Debug|Any CPU
		{93BF4753-8212-40BF-95B5-6915DFF8BC1D}.Debug|Any CPU.Build.0 = Debug|Any CPU
		{93BF4753-8212-40BF-95B5-6915DFF8BC1D}.Debug|Mixed Platforms.ActiveCfg = Debug|Any CPU
		{93BF4753-8212-40BF-95B5-6915DFF8BC1D}.Debug|Mixed Platforms.Build.0 = Debug|Any CPU
		{93BF4753-8212-40BF-95B5-6915DFF8BC1D}.Debug|x86.ActiveCfg = Debug|Any CPU
		{93BF4753-8212-40BF-95B5-6915DFF8BC1D}.Release|Any CPU.ActiveCfg = Release|Any CPU
		{93BF4753-8212-40BF-95B5-6915DFF8BC1D}.Release|Any CPU.Build.0 = Release|Any CPU
		{93BF4753-8212-40BF-95B5-6915DFF8BC1D}.Release|Mixed Platforms.ActiveCfg = Release|Any CPU
		{93BF4753-8212-40BF-95B5-6915DFF8BC1D}.Release|Mixed Platforms.Build.0 = Release|Any CPU
		{93BF4753-8212-40BF-95B5-6915DFF8BC1D}.Release|x86.ActiveCfg = Release|Any CPU
		{93BF4753-8212-40BF-95B5-6915DFF8BC1D}.v4.0-Debug|Any CPU.ActiveCfg = Debug|Any CPU
		{93BF4753-8212-40BF-95B5-6915DFF8BC1D}.v4.0-Debug|Any CPU.Build.0 = Debug|Any CPU
		{93BF4753-8212-40BF-95B5-6915DFF8BC1D}.v4.0-Debug|Mixed Platforms.ActiveCfg = Debug|Any CPU
		{93BF4753-8212-40BF-95B5-6915DFF8BC1D}.v4.0-Debug|Mixed Platforms.Build.0 = Debug|Any CPU
		{93BF4753-8212-40BF-95B5-6915DFF8BC1D}.v4.0-Debug|x86.ActiveCfg = Debug|Any CPU
		{93BF4753-8212-40BF-95B5-6915DFF8BC1D}.v4.0-Release|Any CPU.ActiveCfg = Release|Any CPU
		{93BF4753-8212-40BF-95B5-6915DFF8BC1D}.v4.0-Release|Any CPU.Build.0 = Release|Any CPU
		{93BF4753-8212-40BF-95B5-6915DFF8BC1D}.v4.0-Release|Mixed Platforms.ActiveCfg = Release|Any CPU
		{93BF4753-8212-40BF-95B5-6915DFF8BC1D}.v4.0-Release|Mixed Platforms.Build.0 = Release|Any CPU
		{93BF4753-8212-40BF-95B5-6915DFF8BC1D}.v4.0-Release|x86.ActiveCfg = Release|Any CPU
		{8A9693CB-48C7-471F-9BD8-0654BC67D9C3}.Debug|Any CPU.ActiveCfg = Debug|Any CPU
		{8A9693CB-48C7-471F-9BD8-0654BC67D9C3}.Debug|Any CPU.Build.0 = Debug|Any CPU
		{8A9693CB-48C7-471F-9BD8-0654BC67D9C3}.Debug|Mixed Platforms.ActiveCfg = Debug|Any CPU
		{8A9693CB-48C7-471F-9BD8-0654BC67D9C3}.Debug|Mixed Platforms.Build.0 = Debug|Any CPU
		{8A9693CB-48C7-471F-9BD8-0654BC67D9C3}.Debug|x86.ActiveCfg = Debug|Any CPU
		{8A9693CB-48C7-471F-9BD8-0654BC67D9C3}.Release|Any CPU.ActiveCfg = Release|Any CPU
		{8A9693CB-48C7-471F-9BD8-0654BC67D9C3}.Release|Any CPU.Build.0 = Release|Any CPU
		{8A9693CB-48C7-471F-9BD8-0654BC67D9C3}.Release|Mixed Platforms.ActiveCfg = Release|Any CPU
		{8A9693CB-48C7-471F-9BD8-0654BC67D9C3}.Release|Mixed Platforms.Build.0 = Release|Any CPU
		{8A9693CB-48C7-471F-9BD8-0654BC67D9C3}.Release|x86.ActiveCfg = Release|Any CPU
		{8A9693CB-48C7-471F-9BD8-0654BC67D9C3}.v4.0-Debug|Any CPU.ActiveCfg = Debug|Any CPU
		{8A9693CB-48C7-471F-9BD8-0654BC67D9C3}.v4.0-Debug|Any CPU.Build.0 = Debug|Any CPU
		{8A9693CB-48C7-471F-9BD8-0654BC67D9C3}.v4.0-Debug|Mixed Platforms.ActiveCfg = Debug|Any CPU
		{8A9693CB-48C7-471F-9BD8-0654BC67D9C3}.v4.0-Debug|Mixed Platforms.Build.0 = Debug|Any CPU
		{8A9693CB-48C7-471F-9BD8-0654BC67D9C3}.v4.0-Debug|x86.ActiveCfg = Debug|Any CPU
		{8A9693CB-48C7-471F-9BD8-0654BC67D9C3}.v4.0-Release|Any CPU.ActiveCfg = Release|Any CPU
		{8A9693CB-48C7-471F-9BD8-0654BC67D9C3}.v4.0-Release|Any CPU.Build.0 = Release|Any CPU
		{8A9693CB-48C7-471F-9BD8-0654BC67D9C3}.v4.0-Release|Mixed Platforms.ActiveCfg = Release|Any CPU
		{8A9693CB-48C7-471F-9BD8-0654BC67D9C3}.v4.0-Release|Mixed Platforms.Build.0 = Release|Any CPU
		{8A9693CB-48C7-471F-9BD8-0654BC67D9C3}.v4.0-Release|x86.ActiveCfg = Release|Any CPU
		{D5109E62-D6DC-4F77-ABB5-9BBDA64A1FC6}.Debug|Any CPU.ActiveCfg = Debug|Any CPU
		{D5109E62-D6DC-4F77-ABB5-9BBDA64A1FC6}.Debug|Any CPU.Build.0 = Debug|Any CPU
		{D5109E62-D6DC-4F77-ABB5-9BBDA64A1FC6}.Debug|Mixed Platforms.ActiveCfg = Debug|Any CPU
		{D5109E62-D6DC-4F77-ABB5-9BBDA64A1FC6}.Debug|Mixed Platforms.Build.0 = Debug|Any CPU
		{D5109E62-D6DC-4F77-ABB5-9BBDA64A1FC6}.Debug|x86.ActiveCfg = Debug|Any CPU
		{D5109E62-D6DC-4F77-ABB5-9BBDA64A1FC6}.Release|Any CPU.ActiveCfg = Release|Any CPU
		{D5109E62-D6DC-4F77-ABB5-9BBDA64A1FC6}.Release|Any CPU.Build.0 = Release|Any CPU
		{D5109E62-D6DC-4F77-ABB5-9BBDA64A1FC6}.Release|Mixed Platforms.ActiveCfg = Release|Any CPU
		{D5109E62-D6DC-4F77-ABB5-9BBDA64A1FC6}.Release|Mixed Platforms.Build.0 = Release|Any CPU
		{D5109E62-D6DC-4F77-ABB5-9BBDA64A1FC6}.Release|x86.ActiveCfg = Release|Any CPU
		{D5109E62-D6DC-4F77-ABB5-9BBDA64A1FC6}.v4.0-Debug|Any CPU.ActiveCfg = Debug|Any CPU
		{D5109E62-D6DC-4F77-ABB5-9BBDA64A1FC6}.v4.0-Debug|Any CPU.Build.0 = Debug|Any CPU
		{D5109E62-D6DC-4F77-ABB5-9BBDA64A1FC6}.v4.0-Debug|Mixed Platforms.ActiveCfg = Debug|Any CPU
		{D5109E62-D6DC-4F77-ABB5-9BBDA64A1FC6}.v4.0-Debug|Mixed Platforms.Build.0 = Debug|Any CPU
		{D5109E62-D6DC-4F77-ABB5-9BBDA64A1FC6}.v4.0-Debug|x86.ActiveCfg = Debug|Any CPU
		{D5109E62-D6DC-4F77-ABB5-9BBDA64A1FC6}.v4.0-Release|Any CPU.ActiveCfg = Release|Any CPU
		{D5109E62-D6DC-4F77-ABB5-9BBDA64A1FC6}.v4.0-Release|Any CPU.Build.0 = Release|Any CPU
		{D5109E62-D6DC-4F77-ABB5-9BBDA64A1FC6}.v4.0-Release|Mixed Platforms.ActiveCfg = Release|Any CPU
		{D5109E62-D6DC-4F77-ABB5-9BBDA64A1FC6}.v4.0-Release|Mixed Platforms.Build.0 = Release|Any CPU
		{D5109E62-D6DC-4F77-ABB5-9BBDA64A1FC6}.v4.0-Release|x86.ActiveCfg = Release|Any CPU
		{58202325-3B58-4655-BC9A-792C14E6E51D}.Debug|Any CPU.ActiveCfg = Debug|Any CPU
		{58202325-3B58-4655-BC9A-792C14E6E51D}.Debug|Any CPU.Build.0 = Debug|Any CPU
		{58202325-3B58-4655-BC9A-792C14E6E51D}.Debug|Mixed Platforms.ActiveCfg = Debug|Any CPU
		{58202325-3B58-4655-BC9A-792C14E6E51D}.Debug|Mixed Platforms.Build.0 = Debug|Any CPU
		{58202325-3B58-4655-BC9A-792C14E6E51D}.Debug|x86.ActiveCfg = Debug|Any CPU
		{58202325-3B58-4655-BC9A-792C14E6E51D}.Release|Any CPU.ActiveCfg = Release|Any CPU
		{58202325-3B58-4655-BC9A-792C14E6E51D}.Release|Any CPU.Build.0 = Release|Any CPU
		{58202325-3B58-4655-BC9A-792C14E6E51D}.Release|Mixed Platforms.ActiveCfg = Release|Any CPU
		{58202325-3B58-4655-BC9A-792C14E6E51D}.Release|Mixed Platforms.Build.0 = Release|Any CPU
		{58202325-3B58-4655-BC9A-792C14E6E51D}.Release|x86.ActiveCfg = Release|Any CPU
		{58202325-3B58-4655-BC9A-792C14E6E51D}.v4.0-Debug|Any CPU.ActiveCfg = Debug|Any CPU
		{58202325-3B58-4655-BC9A-792C14E6E51D}.v4.0-Debug|Any CPU.Build.0 = Debug|Any CPU
		{58202325-3B58-4655-BC9A-792C14E6E51D}.v4.0-Debug|Mixed Platforms.ActiveCfg = Debug|Any CPU
		{58202325-3B58-4655-BC9A-792C14E6E51D}.v4.0-Debug|Mixed Platforms.Build.0 = Debug|Any CPU
		{58202325-3B58-4655-BC9A-792C14E6E51D}.v4.0-Debug|x86.ActiveCfg = Debug|Any CPU
		{58202325-3B58-4655-BC9A-792C14E6E51D}.v4.0-Release|Any CPU.ActiveCfg = Release|Any CPU
		{58202325-3B58-4655-BC9A-792C14E6E51D}.v4.0-Release|Any CPU.Build.0 = Release|Any CPU
		{58202325-3B58-4655-BC9A-792C14E6E51D}.v4.0-Release|Mixed Platforms.ActiveCfg = Release|Any CPU
		{58202325-3B58-4655-BC9A-792C14E6E51D}.v4.0-Release|Mixed Platforms.Build.0 = Release|Any CPU
		{58202325-3B58-4655-BC9A-792C14E6E51D}.v4.0-Release|x86.ActiveCfg = Release|Any CPU
		{EC4F305F-18D4-4F09-A4DA-09E4831433DA}.Debug|Any CPU.ActiveCfg = Debug|x86
		{EC4F305F-18D4-4F09-A4DA-09E4831433DA}.Debug|Mixed Platforms.ActiveCfg = Debug|x86
		{EC4F305F-18D4-4F09-A4DA-09E4831433DA}.Debug|Mixed Platforms.Build.0 = Debug|x86
		{EC4F305F-18D4-4F09-A4DA-09E4831433DA}.Debug|x86.ActiveCfg = Debug|x86
		{EC4F305F-18D4-4F09-A4DA-09E4831433DA}.Debug|x86.Build.0 = Debug|x86
		{EC4F305F-18D4-4F09-A4DA-09E4831433DA}.Release|Any CPU.ActiveCfg = Release|x86
		{EC4F305F-18D4-4F09-A4DA-09E4831433DA}.Release|Mixed Platforms.ActiveCfg = Release|x86
		{EC4F305F-18D4-4F09-A4DA-09E4831433DA}.Release|Mixed Platforms.Build.0 = Release|x86
		{EC4F305F-18D4-4F09-A4DA-09E4831433DA}.Release|x86.ActiveCfg = Release|x86
		{EC4F305F-18D4-4F09-A4DA-09E4831433DA}.Release|x86.Build.0 = Release|x86
		{EC4F305F-18D4-4F09-A4DA-09E4831433DA}.v4.0-Debug|Any CPU.ActiveCfg = Debug|x86
		{EC4F305F-18D4-4F09-A4DA-09E4831433DA}.v4.0-Debug|Mixed Platforms.ActiveCfg = Debug|x86
		{EC4F305F-18D4-4F09-A4DA-09E4831433DA}.v4.0-Debug|Mixed Platforms.Build.0 = Debug|x86
		{EC4F305F-18D4-4F09-A4DA-09E4831433DA}.v4.0-Debug|x86.ActiveCfg = Debug|x86
		{EC4F305F-18D4-4F09-A4DA-09E4831433DA}.v4.0-Debug|x86.Build.0 = Debug|x86
		{EC4F305F-18D4-4F09-A4DA-09E4831433DA}.v4.0-Release|Any CPU.ActiveCfg = Release|x86
		{EC4F305F-18D4-4F09-A4DA-09E4831433DA}.v4.0-Release|Mixed Platforms.ActiveCfg = Release|x86
		{EC4F305F-18D4-4F09-A4DA-09E4831433DA}.v4.0-Release|Mixed Platforms.Build.0 = Release|x86
		{EC4F305F-18D4-4F09-A4DA-09E4831433DA}.v4.0-Release|x86.ActiveCfg = Release|x86
		{EC4F305F-18D4-4F09-A4DA-09E4831433DA}.v4.0-Release|x86.Build.0 = Release|x86
		{4DC3DDBF-6B23-4C43-A3E2-B56D55C1862E}.Debug|Any CPU.ActiveCfg = Debug|Any CPU
		{4DC3DDBF-6B23-4C43-A3E2-B56D55C1862E}.Debug|Any CPU.Build.0 = Debug|Any CPU
		{4DC3DDBF-6B23-4C43-A3E2-B56D55C1862E}.Debug|Mixed Platforms.ActiveCfg = Debug|Any CPU
		{4DC3DDBF-6B23-4C43-A3E2-B56D55C1862E}.Debug|Mixed Platforms.Build.0 = Debug|Any CPU
		{4DC3DDBF-6B23-4C43-A3E2-B56D55C1862E}.Debug|x86.ActiveCfg = Debug|Any CPU
		{4DC3DDBF-6B23-4C43-A3E2-B56D55C1862E}.Release|Any CPU.ActiveCfg = Release|Any CPU
		{4DC3DDBF-6B23-4C43-A3E2-B56D55C1862E}.Release|Any CPU.Build.0 = Release|Any CPU
		{4DC3DDBF-6B23-4C43-A3E2-B56D55C1862E}.Release|Mixed Platforms.ActiveCfg = Release|Any CPU
		{4DC3DDBF-6B23-4C43-A3E2-B56D55C1862E}.Release|Mixed Platforms.Build.0 = Release|Any CPU
		{4DC3DDBF-6B23-4C43-A3E2-B56D55C1862E}.Release|x86.ActiveCfg = Release|Any CPU
		{4DC3DDBF-6B23-4C43-A3E2-B56D55C1862E}.v4.0-Debug|Any CPU.ActiveCfg = Debug|Any CPU
		{4DC3DDBF-6B23-4C43-A3E2-B56D55C1862E}.v4.0-Debug|Any CPU.Build.0 = Debug|Any CPU
		{4DC3DDBF-6B23-4C43-A3E2-B56D55C1862E}.v4.0-Debug|Mixed Platforms.ActiveCfg = Debug|Any CPU
		{4DC3DDBF-6B23-4C43-A3E2-B56D55C1862E}.v4.0-Debug|Mixed Platforms.Build.0 = Debug|Any CPU
		{4DC3DDBF-6B23-4C43-A3E2-B56D55C1862E}.v4.0-Debug|x86.ActiveCfg = Debug|Any CPU
		{4DC3DDBF-6B23-4C43-A3E2-B56D55C1862E}.v4.0-Release|Any CPU.ActiveCfg = Release|Any CPU
		{4DC3DDBF-6B23-4C43-A3E2-B56D55C1862E}.v4.0-Release|Any CPU.Build.0 = Release|Any CPU
		{4DC3DDBF-6B23-4C43-A3E2-B56D55C1862E}.v4.0-Release|Mixed Platforms.ActiveCfg = Release|Any CPU
		{4DC3DDBF-6B23-4C43-A3E2-B56D55C1862E}.v4.0-Release|Mixed Platforms.Build.0 = Release|Any CPU
		{4DC3DDBF-6B23-4C43-A3E2-B56D55C1862E}.v4.0-Release|x86.ActiveCfg = Release|Any CPU
		{9475CC9F-F5B7-4E60-89FA-84D3F4E9F880}.Debug|Any CPU.ActiveCfg = Debug|Any CPU
		{9475CC9F-F5B7-4E60-89FA-84D3F4E9F880}.Debug|Any CPU.Build.0 = Debug|Any CPU
		{9475CC9F-F5B7-4E60-89FA-84D3F4E9F880}.Debug|Mixed Platforms.ActiveCfg = Debug|Any CPU
		{9475CC9F-F5B7-4E60-89FA-84D3F4E9F880}.Debug|Mixed Platforms.Build.0 = Debug|Any CPU
		{9475CC9F-F5B7-4E60-89FA-84D3F4E9F880}.Debug|x86.ActiveCfg = Debug|Any CPU
		{9475CC9F-F5B7-4E60-89FA-84D3F4E9F880}.Release|Any CPU.ActiveCfg = Release|Any CPU
		{9475CC9F-F5B7-4E60-89FA-84D3F4E9F880}.Release|Any CPU.Build.0 = Release|Any CPU
		{9475CC9F-F5B7-4E60-89FA-84D3F4E9F880}.Release|Mixed Platforms.ActiveCfg = Release|Any CPU
		{9475CC9F-F5B7-4E60-89FA-84D3F4E9F880}.Release|Mixed Platforms.Build.0 = Release|Any CPU
		{9475CC9F-F5B7-4E60-89FA-84D3F4E9F880}.Release|x86.ActiveCfg = Release|Any CPU
		{9475CC9F-F5B7-4E60-89FA-84D3F4E9F880}.v4.0-Debug|Any CPU.ActiveCfg = Debug|Any CPU
		{9475CC9F-F5B7-4E60-89FA-84D3F4E9F880}.v4.0-Debug|Any CPU.Build.0 = Debug|Any CPU
		{9475CC9F-F5B7-4E60-89FA-84D3F4E9F880}.v4.0-Debug|Mixed Platforms.ActiveCfg = Debug|Any CPU
		{9475CC9F-F5B7-4E60-89FA-84D3F4E9F880}.v4.0-Debug|Mixed Platforms.Build.0 = Debug|Any CPU
		{9475CC9F-F5B7-4E60-89FA-84D3F4E9F880}.v4.0-Debug|x86.ActiveCfg = Debug|Any CPU
		{9475CC9F-F5B7-4E60-89FA-84D3F4E9F880}.v4.0-Release|Any CPU.ActiveCfg = Release|Any CPU
		{9475CC9F-F5B7-4E60-89FA-84D3F4E9F880}.v4.0-Release|Any CPU.Build.0 = Release|Any CPU
		{9475CC9F-F5B7-4E60-89FA-84D3F4E9F880}.v4.0-Release|Mixed Platforms.ActiveCfg = Release|Any CPU
		{9475CC9F-F5B7-4E60-89FA-84D3F4E9F880}.v4.0-Release|Mixed Platforms.Build.0 = Release|Any CPU
		{9475CC9F-F5B7-4E60-89FA-84D3F4E9F880}.v4.0-Release|x86.ActiveCfg = Release|Any CPU
		{D0C39D9D-BED0-418B-9A5E-713176CAF40C}.Debug|Any CPU.ActiveCfg = Debug|Any CPU
		{D0C39D9D-BED0-418B-9A5E-713176CAF40C}.Debug|Any CPU.Build.0 = Debug|Any CPU
		{D0C39D9D-BED0-418B-9A5E-713176CAF40C}.Debug|Mixed Platforms.ActiveCfg = Debug|Any CPU
		{D0C39D9D-BED0-418B-9A5E-713176CAF40C}.Debug|Mixed Platforms.Build.0 = Debug|Any CPU
		{D0C39D9D-BED0-418B-9A5E-713176CAF40C}.Debug|x86.ActiveCfg = Debug|Any CPU
		{D0C39D9D-BED0-418B-9A5E-713176CAF40C}.Release|Any CPU.ActiveCfg = Release|Any CPU
		{D0C39D9D-BED0-418B-9A5E-713176CAF40C}.Release|Any CPU.Build.0 = Release|Any CPU
		{D0C39D9D-BED0-418B-9A5E-713176CAF40C}.Release|Mixed Platforms.ActiveCfg = Release|Any CPU
		{D0C39D9D-BED0-418B-9A5E-713176CAF40C}.Release|Mixed Platforms.Build.0 = Release|Any CPU
		{D0C39D9D-BED0-418B-9A5E-713176CAF40C}.Release|x86.ActiveCfg = Release|Any CPU
		{D0C39D9D-BED0-418B-9A5E-713176CAF40C}.v4.0-Debug|Any CPU.ActiveCfg = v4.0-Debug|Any CPU
		{D0C39D9D-BED0-418B-9A5E-713176CAF40C}.v4.0-Debug|Any CPU.Build.0 = v4.0-Debug|Any CPU
		{D0C39D9D-BED0-418B-9A5E-713176CAF40C}.v4.0-Debug|Mixed Platforms.ActiveCfg = v4.0-Debug|Any CPU
		{D0C39D9D-BED0-418B-9A5E-713176CAF40C}.v4.0-Debug|Mixed Platforms.Build.0 = v4.0-Debug|Any CPU
		{D0C39D9D-BED0-418B-9A5E-713176CAF40C}.v4.0-Debug|x86.ActiveCfg = v4.0-Debug|Any CPU
		{D0C39D9D-BED0-418B-9A5E-713176CAF40C}.v4.0-Release|Any CPU.ActiveCfg = v4.0-Release|Any CPU
		{D0C39D9D-BED0-418B-9A5E-713176CAF40C}.v4.0-Release|Any CPU.Build.0 = v4.0-Release|Any CPU
		{D0C39D9D-BED0-418B-9A5E-713176CAF40C}.v4.0-Release|Mixed Platforms.ActiveCfg = v4.0-Release|Any CPU
		{D0C39D9D-BED0-418B-9A5E-713176CAF40C}.v4.0-Release|Mixed Platforms.Build.0 = v4.0-Release|Any CPU
		{D0C39D9D-BED0-418B-9A5E-713176CAF40C}.v4.0-Release|x86.ActiveCfg = v4.0-Release|Any CPU
		{E06DEF77-F933-42FB-AFD7-DB2D0D8D6A98}.Debug|Any CPU.ActiveCfg = Debug|Any CPU
		{E06DEF77-F933-42FB-AFD7-DB2D0D8D6A98}.Debug|Any CPU.Build.0 = Debug|Any CPU
		{E06DEF77-F933-42FB-AFD7-DB2D0D8D6A98}.Debug|Mixed Platforms.ActiveCfg = Debug|Any CPU
		{E06DEF77-F933-42FB-AFD7-DB2D0D8D6A98}.Debug|Mixed Platforms.Build.0 = Debug|Any CPU
		{E06DEF77-F933-42FB-AFD7-DB2D0D8D6A98}.Debug|x86.ActiveCfg = Debug|Any CPU
		{E06DEF77-F933-42FB-AFD7-DB2D0D8D6A98}.Release|Any CPU.ActiveCfg = Release|Any CPU
		{E06DEF77-F933-42FB-AFD7-DB2D0D8D6A98}.Release|Any CPU.Build.0 = Release|Any CPU
		{E06DEF77-F933-42FB-AFD7-DB2D0D8D6A98}.Release|Mixed Platforms.ActiveCfg = Release|Any CPU
		{E06DEF77-F933-42FB-AFD7-DB2D0D8D6A98}.Release|Mixed Platforms.Build.0 = Release|Any CPU
		{E06DEF77-F933-42FB-AFD7-DB2D0D8D6A98}.Release|x86.ActiveCfg = Release|Any CPU
		{E06DEF77-F933-42FB-AFD7-DB2D0D8D6A98}.v4.0-Debug|Any CPU.ActiveCfg = v4.0-Debug|Any CPU
		{E06DEF77-F933-42FB-AFD7-DB2D0D8D6A98}.v4.0-Debug|Any CPU.Build.0 = v4.0-Debug|Any CPU
		{E06DEF77-F933-42FB-AFD7-DB2D0D8D6A98}.v4.0-Debug|Mixed Platforms.ActiveCfg = v4.0-Debug|Any CPU
		{E06DEF77-F933-42FB-AFD7-DB2D0D8D6A98}.v4.0-Debug|Mixed Platforms.Build.0 = v4.0-Debug|Any CPU
		{E06DEF77-F933-42FB-AFD7-DB2D0D8D6A98}.v4.0-Debug|x86.ActiveCfg = v4.0-Debug|Any CPU
		{E06DEF77-F933-42FB-AFD7-DB2D0D8D6A98}.v4.0-Release|Any CPU.ActiveCfg = v4.0-Release|Any CPU
		{E06DEF77-F933-42FB-AFD7-DB2D0D8D6A98}.v4.0-Release|Any CPU.Build.0 = v4.0-Release|Any CPU
		{E06DEF77-F933-42FB-AFD7-DB2D0D8D6A98}.v4.0-Release|Mixed Platforms.ActiveCfg = v4.0-Release|Any CPU
		{E06DEF77-F933-42FB-AFD7-DB2D0D8D6A98}.v4.0-Release|Mixed Platforms.Build.0 = v4.0-Release|Any CPU
		{E06DEF77-F933-42FB-AFD7-DB2D0D8D6A98}.v4.0-Release|x86.ActiveCfg = v4.0-Release|Any CPU
		{7175E23A-F200-4E70-B67A-AF7C3A7AC56B}.Debug|Any CPU.ActiveCfg = Debug|Any CPU
		{7175E23A-F200-4E70-B67A-AF7C3A7AC56B}.Debug|Any CPU.Build.0 = Debug|Any CPU
		{7175E23A-F200-4E70-B67A-AF7C3A7AC56B}.Debug|Mixed Platforms.ActiveCfg = Debug|Any CPU
		{7175E23A-F200-4E70-B67A-AF7C3A7AC56B}.Debug|Mixed Platforms.Build.0 = Debug|Any CPU
		{7175E23A-F200-4E70-B67A-AF7C3A7AC56B}.Debug|x86.ActiveCfg = Debug|Any CPU
		{7175E23A-F200-4E70-B67A-AF7C3A7AC56B}.Release|Any CPU.ActiveCfg = Release|Any CPU
		{7175E23A-F200-4E70-B67A-AF7C3A7AC56B}.Release|Any CPU.Build.0 = Release|Any CPU
		{7175E23A-F200-4E70-B67A-AF7C3A7AC56B}.Release|Mixed Platforms.ActiveCfg = Release|Any CPU
		{7175E23A-F200-4E70-B67A-AF7C3A7AC56B}.Release|Mixed Platforms.Build.0 = Release|Any CPU
		{7175E23A-F200-4E70-B67A-AF7C3A7AC56B}.Release|x86.ActiveCfg = Release|Any CPU
		{7175E23A-F200-4E70-B67A-AF7C3A7AC56B}.v4.0-Debug|Any CPU.ActiveCfg = Debug|Any CPU
		{7175E23A-F200-4E70-B67A-AF7C3A7AC56B}.v4.0-Debug|Any CPU.Build.0 = Debug|Any CPU
		{7175E23A-F200-4E70-B67A-AF7C3A7AC56B}.v4.0-Debug|Mixed Platforms.ActiveCfg = Debug|Any CPU
		{7175E23A-F200-4E70-B67A-AF7C3A7AC56B}.v4.0-Debug|Mixed Platforms.Build.0 = Debug|Any CPU
		{7175E23A-F200-4E70-B67A-AF7C3A7AC56B}.v4.0-Debug|x86.ActiveCfg = Debug|Any CPU
		{7175E23A-F200-4E70-B67A-AF7C3A7AC56B}.v4.0-Release|Any CPU.ActiveCfg = Release|Any CPU
		{7175E23A-F200-4E70-B67A-AF7C3A7AC56B}.v4.0-Release|Any CPU.Build.0 = Release|Any CPU
		{7175E23A-F200-4E70-B67A-AF7C3A7AC56B}.v4.0-Release|Mixed Platforms.ActiveCfg = Release|Any CPU
		{7175E23A-F200-4E70-B67A-AF7C3A7AC56B}.v4.0-Release|Mixed Platforms.Build.0 = Release|Any CPU
		{7175E23A-F200-4E70-B67A-AF7C3A7AC56B}.v4.0-Release|x86.ActiveCfg = Release|Any CPU
		{096C1F3A-2C8A-40FD-A26B-3DAE28A288C7}.Debug|Any CPU.ActiveCfg = Debug|Any CPU
		{096C1F3A-2C8A-40FD-A26B-3DAE28A288C7}.Debug|Any CPU.Build.0 = Debug|Any CPU
		{096C1F3A-2C8A-40FD-A26B-3DAE28A288C7}.Debug|Mixed Platforms.ActiveCfg = Debug|Any CPU
		{096C1F3A-2C8A-40FD-A26B-3DAE28A288C7}.Debug|Mixed Platforms.Build.0 = Debug|Any CPU
		{096C1F3A-2C8A-40FD-A26B-3DAE28A288C7}.Debug|x86.ActiveCfg = Debug|Any CPU
		{096C1F3A-2C8A-40FD-A26B-3DAE28A288C7}.Release|Any CPU.ActiveCfg = Release|Any CPU
		{096C1F3A-2C8A-40FD-A26B-3DAE28A288C7}.Release|Any CPU.Build.0 = Release|Any CPU
		{096C1F3A-2C8A-40FD-A26B-3DAE28A288C7}.Release|Mixed Platforms.ActiveCfg = Release|Any CPU
		{096C1F3A-2C8A-40FD-A26B-3DAE28A288C7}.Release|Mixed Platforms.Build.0 = Release|Any CPU
		{096C1F3A-2C8A-40FD-A26B-3DAE28A288C7}.Release|x86.ActiveCfg = Release|Any CPU
		{096C1F3A-2C8A-40FD-A26B-3DAE28A288C7}.v4.0-Debug|Any CPU.ActiveCfg = Debug|Any CPU
		{096C1F3A-2C8A-40FD-A26B-3DAE28A288C7}.v4.0-Debug|Any CPU.Build.0 = Debug|Any CPU
		{096C1F3A-2C8A-40FD-A26B-3DAE28A288C7}.v4.0-Debug|Mixed Platforms.ActiveCfg = Debug|Any CPU
		{096C1F3A-2C8A-40FD-A26B-3DAE28A288C7}.v4.0-Debug|Mixed Platforms.Build.0 = Debug|Any CPU
		{096C1F3A-2C8A-40FD-A26B-3DAE28A288C7}.v4.0-Debug|x86.ActiveCfg = Debug|Any CPU
		{096C1F3A-2C8A-40FD-A26B-3DAE28A288C7}.v4.0-Release|Any CPU.ActiveCfg = Release|Any CPU
		{096C1F3A-2C8A-40FD-A26B-3DAE28A288C7}.v4.0-Release|Any CPU.Build.0 = Release|Any CPU
		{096C1F3A-2C8A-40FD-A26B-3DAE28A288C7}.v4.0-Release|Mixed Platforms.ActiveCfg = Release|Any CPU
		{096C1F3A-2C8A-40FD-A26B-3DAE28A288C7}.v4.0-Release|Mixed Platforms.Build.0 = Release|Any CPU
		{096C1F3A-2C8A-40FD-A26B-3DAE28A288C7}.v4.0-Release|x86.ActiveCfg = Release|Any CPU
		{EB7390E5-0D71-4908-8BC0-17897C1B2C1D}.Debug|Any CPU.ActiveCfg = Debug|x86
		{EB7390E5-0D71-4908-8BC0-17897C1B2C1D}.Debug|Mixed Platforms.ActiveCfg = Debug|x86
		{EB7390E5-0D71-4908-8BC0-17897C1B2C1D}.Debug|Mixed Platforms.Build.0 = Debug|x86
		{EB7390E5-0D71-4908-8BC0-17897C1B2C1D}.Debug|x86.ActiveCfg = Debug|x86
		{EB7390E5-0D71-4908-8BC0-17897C1B2C1D}.Debug|x86.Build.0 = Debug|x86
		{EB7390E5-0D71-4908-8BC0-17897C1B2C1D}.Release|Any CPU.ActiveCfg = Release|x86
		{EB7390E5-0D71-4908-8BC0-17897C1B2C1D}.Release|Mixed Platforms.ActiveCfg = Release|x86
		{EB7390E5-0D71-4908-8BC0-17897C1B2C1D}.Release|Mixed Platforms.Build.0 = Release|x86
		{EB7390E5-0D71-4908-8BC0-17897C1B2C1D}.Release|x86.ActiveCfg = Release|x86
		{EB7390E5-0D71-4908-8BC0-17897C1B2C1D}.Release|x86.Build.0 = Release|x86
		{EB7390E5-0D71-4908-8BC0-17897C1B2C1D}.v4.0-Debug|Any CPU.ActiveCfg = Debug|x86
		{EB7390E5-0D71-4908-8BC0-17897C1B2C1D}.v4.0-Debug|Mixed Platforms.ActiveCfg = Debug|x86
		{EB7390E5-0D71-4908-8BC0-17897C1B2C1D}.v4.0-Debug|Mixed Platforms.Build.0 = Debug|x86
		{EB7390E5-0D71-4908-8BC0-17897C1B2C1D}.v4.0-Debug|x86.ActiveCfg = Debug|x86
		{EB7390E5-0D71-4908-8BC0-17897C1B2C1D}.v4.0-Debug|x86.Build.0 = Debug|x86
		{EB7390E5-0D71-4908-8BC0-17897C1B2C1D}.v4.0-Release|Any CPU.ActiveCfg = Release|x86
		{EB7390E5-0D71-4908-8BC0-17897C1B2C1D}.v4.0-Release|Mixed Platforms.ActiveCfg = Release|x86
		{EB7390E5-0D71-4908-8BC0-17897C1B2C1D}.v4.0-Release|Mixed Platforms.Build.0 = Release|x86
		{EB7390E5-0D71-4908-8BC0-17897C1B2C1D}.v4.0-Release|x86.ActiveCfg = Release|x86
		{EB7390E5-0D71-4908-8BC0-17897C1B2C1D}.v4.0-Release|x86.Build.0 = Release|x86
		{101EA92B-D062-48DC-BEA4-3CCFD4E075CA}.Debug|Any CPU.ActiveCfg = Debug|x86
		{101EA92B-D062-48DC-BEA4-3CCFD4E075CA}.Debug|Mixed Platforms.ActiveCfg = Debug|x86
		{101EA92B-D062-48DC-BEA4-3CCFD4E075CA}.Debug|Mixed Platforms.Build.0 = Debug|x86
		{101EA92B-D062-48DC-BEA4-3CCFD4E075CA}.Debug|x86.ActiveCfg = Debug|x86
		{101EA92B-D062-48DC-BEA4-3CCFD4E075CA}.Debug|x86.Build.0 = Debug|x86
		{101EA92B-D062-48DC-BEA4-3CCFD4E075CA}.Release|Any CPU.ActiveCfg = Release|x86
		{101EA92B-D062-48DC-BEA4-3CCFD4E075CA}.Release|Mixed Platforms.ActiveCfg = Release|x86
		{101EA92B-D062-48DC-BEA4-3CCFD4E075CA}.Release|Mixed Platforms.Build.0 = Release|x86
		{101EA92B-D062-48DC-BEA4-3CCFD4E075CA}.Release|x86.ActiveCfg = Release|x86
		{101EA92B-D062-48DC-BEA4-3CCFD4E075CA}.Release|x86.Build.0 = Release|x86
		{101EA92B-D062-48DC-BEA4-3CCFD4E075CA}.v4.0-Debug|Any CPU.ActiveCfg = Debug|x86
		{101EA92B-D062-48DC-BEA4-3CCFD4E075CA}.v4.0-Debug|Mixed Platforms.ActiveCfg = Debug|x86
		{101EA92B-D062-48DC-BEA4-3CCFD4E075CA}.v4.0-Debug|Mixed Platforms.Build.0 = Debug|x86
		{101EA92B-D062-48DC-BEA4-3CCFD4E075CA}.v4.0-Debug|x86.ActiveCfg = Debug|x86
		{101EA92B-D062-48DC-BEA4-3CCFD4E075CA}.v4.0-Debug|x86.Build.0 = Debug|x86
		{101EA92B-D062-48DC-BEA4-3CCFD4E075CA}.v4.0-Release|Any CPU.ActiveCfg = Release|x86
		{101EA92B-D062-48DC-BEA4-3CCFD4E075CA}.v4.0-Release|Mixed Platforms.ActiveCfg = Release|x86
		{101EA92B-D062-48DC-BEA4-3CCFD4E075CA}.v4.0-Release|Mixed Platforms.Build.0 = Release|x86
		{101EA92B-D062-48DC-BEA4-3CCFD4E075CA}.v4.0-Release|x86.ActiveCfg = Release|x86
		{101EA92B-D062-48DC-BEA4-3CCFD4E075CA}.v4.0-Release|x86.Build.0 = Release|x86
		{16DA6FD4-32E1-454E-A62A-8F30EE1A2132}.Debug|Any CPU.ActiveCfg = Debug|x86
		{16DA6FD4-32E1-454E-A62A-8F30EE1A2132}.Debug|Mixed Platforms.ActiveCfg = Debug|x86
		{16DA6FD4-32E1-454E-A62A-8F30EE1A2132}.Debug|Mixed Platforms.Build.0 = Debug|x86
		{16DA6FD4-32E1-454E-A62A-8F30EE1A2132}.Debug|x86.ActiveCfg = Debug|x86
		{16DA6FD4-32E1-454E-A62A-8F30EE1A2132}.Debug|x86.Build.0 = Debug|x86
		{16DA6FD4-32E1-454E-A62A-8F30EE1A2132}.Release|Any CPU.ActiveCfg = Release|x86
		{16DA6FD4-32E1-454E-A62A-8F30EE1A2132}.Release|Mixed Platforms.ActiveCfg = Release|x86
		{16DA6FD4-32E1-454E-A62A-8F30EE1A2132}.Release|Mixed Platforms.Build.0 = Release|x86
		{16DA6FD4-32E1-454E-A62A-8F30EE1A2132}.Release|x86.ActiveCfg = Release|x86
		{16DA6FD4-32E1-454E-A62A-8F30EE1A2132}.Release|x86.Build.0 = Release|x86
		{16DA6FD4-32E1-454E-A62A-8F30EE1A2132}.v4.0-Debug|Any CPU.ActiveCfg = Debug|x86
		{16DA6FD4-32E1-454E-A62A-8F30EE1A2132}.v4.0-Debug|Mixed Platforms.ActiveCfg = Debug|x86
		{16DA6FD4-32E1-454E-A62A-8F30EE1A2132}.v4.0-Debug|Mixed Platforms.Build.0 = Debug|x86
		{16DA6FD4-32E1-454E-A62A-8F30EE1A2132}.v4.0-Debug|x86.ActiveCfg = Debug|x86
		{16DA6FD4-32E1-454E-A62A-8F30EE1A2132}.v4.0-Debug|x86.Build.0 = Debug|x86
		{16DA6FD4-32E1-454E-A62A-8F30EE1A2132}.v4.0-Release|Any CPU.ActiveCfg = Release|x86
		{16DA6FD4-32E1-454E-A62A-8F30EE1A2132}.v4.0-Release|Mixed Platforms.ActiveCfg = Release|x86
		{16DA6FD4-32E1-454E-A62A-8F30EE1A2132}.v4.0-Release|Mixed Platforms.Build.0 = Release|x86
		{16DA6FD4-32E1-454E-A62A-8F30EE1A2132}.v4.0-Release|x86.ActiveCfg = Release|x86
		{16DA6FD4-32E1-454E-A62A-8F30EE1A2132}.v4.0-Release|x86.Build.0 = Release|x86
		{127BCCBA-3A9E-4E20-BAD7-B4F7B693A42B}.Debug|Any CPU.ActiveCfg = Debug|Any CPU
		{127BCCBA-3A9E-4E20-BAD7-B4F7B693A42B}.Debug|Any CPU.Build.0 = Debug|Any CPU
		{127BCCBA-3A9E-4E20-BAD7-B4F7B693A42B}.Debug|Mixed Platforms.ActiveCfg = Debug|Any CPU
		{127BCCBA-3A9E-4E20-BAD7-B4F7B693A42B}.Debug|Mixed Platforms.Build.0 = Debug|Any CPU
		{127BCCBA-3A9E-4E20-BAD7-B4F7B693A42B}.Debug|x86.ActiveCfg = Debug|Any CPU
		{127BCCBA-3A9E-4E20-BAD7-B4F7B693A42B}.Release|Any CPU.ActiveCfg = Release|Any CPU
		{127BCCBA-3A9E-4E20-BAD7-B4F7B693A42B}.Release|Any CPU.Build.0 = Release|Any CPU
		{127BCCBA-3A9E-4E20-BAD7-B4F7B693A42B}.Release|Mixed Platforms.ActiveCfg = Release|Any CPU
		{127BCCBA-3A9E-4E20-BAD7-B4F7B693A42B}.Release|Mixed Platforms.Build.0 = Release|Any CPU
		{127BCCBA-3A9E-4E20-BAD7-B4F7B693A42B}.Release|x86.ActiveCfg = Release|Any CPU
		{127BCCBA-3A9E-4E20-BAD7-B4F7B693A42B}.v4.0-Debug|Any CPU.ActiveCfg = Debug|Any CPU
		{127BCCBA-3A9E-4E20-BAD7-B4F7B693A42B}.v4.0-Debug|Any CPU.Build.0 = Debug|Any CPU
		{127BCCBA-3A9E-4E20-BAD7-B4F7B693A42B}.v4.0-Debug|Mixed Platforms.ActiveCfg = Debug|Any CPU
		{127BCCBA-3A9E-4E20-BAD7-B4F7B693A42B}.v4.0-Debug|Mixed Platforms.Build.0 = Debug|Any CPU
		{127BCCBA-3A9E-4E20-BAD7-B4F7B693A42B}.v4.0-Debug|x86.ActiveCfg = Debug|Any CPU
		{127BCCBA-3A9E-4E20-BAD7-B4F7B693A42B}.v4.0-Release|Any CPU.ActiveCfg = Release|Any CPU
		{127BCCBA-3A9E-4E20-BAD7-B4F7B693A42B}.v4.0-Release|Any CPU.Build.0 = Release|Any CPU
		{127BCCBA-3A9E-4E20-BAD7-B4F7B693A42B}.v4.0-Release|Mixed Platforms.ActiveCfg = Release|Any CPU
		{127BCCBA-3A9E-4E20-BAD7-B4F7B693A42B}.v4.0-Release|Mixed Platforms.Build.0 = Release|Any CPU
		{127BCCBA-3A9E-4E20-BAD7-B4F7B693A42B}.v4.0-Release|x86.ActiveCfg = Release|Any CPU
		{8F0938A8-A8F7-4059-80EE-F459E7BFD941}.Debug|Any CPU.ActiveCfg = Debug|Any CPU
		{8F0938A8-A8F7-4059-80EE-F459E7BFD941}.Debug|Any CPU.Build.0 = Debug|Any CPU
		{8F0938A8-A8F7-4059-80EE-F459E7BFD941}.Debug|Mixed Platforms.ActiveCfg = Debug|Any CPU
		{8F0938A8-A8F7-4059-80EE-F459E7BFD941}.Debug|Mixed Platforms.Build.0 = Debug|Any CPU
		{8F0938A8-A8F7-4059-80EE-F459E7BFD941}.Debug|x86.ActiveCfg = Debug|Any CPU
		{8F0938A8-A8F7-4059-80EE-F459E7BFD941}.Release|Any CPU.ActiveCfg = Release|Any CPU
		{8F0938A8-A8F7-4059-80EE-F459E7BFD941}.Release|Any CPU.Build.0 = Release|Any CPU
		{8F0938A8-A8F7-4059-80EE-F459E7BFD941}.Release|Mixed Platforms.ActiveCfg = Release|Any CPU
		{8F0938A8-A8F7-4059-80EE-F459E7BFD941}.Release|Mixed Platforms.Build.0 = Release|Any CPU
		{8F0938A8-A8F7-4059-80EE-F459E7BFD941}.Release|x86.ActiveCfg = Release|Any CPU
		{8F0938A8-A8F7-4059-80EE-F459E7BFD941}.v4.0-Debug|Any CPU.ActiveCfg = Debug|Any CPU
		{8F0938A8-A8F7-4059-80EE-F459E7BFD941}.v4.0-Debug|Any CPU.Build.0 = Debug|Any CPU
		{8F0938A8-A8F7-4059-80EE-F459E7BFD941}.v4.0-Debug|Mixed Platforms.ActiveCfg = Debug|Any CPU
		{8F0938A8-A8F7-4059-80EE-F459E7BFD941}.v4.0-Debug|Mixed Platforms.Build.0 = Debug|Any CPU
		{8F0938A8-A8F7-4059-80EE-F459E7BFD941}.v4.0-Debug|x86.ActiveCfg = Debug|Any CPU
		{8F0938A8-A8F7-4059-80EE-F459E7BFD941}.v4.0-Release|Any CPU.ActiveCfg = Release|Any CPU
		{8F0938A8-A8F7-4059-80EE-F459E7BFD941}.v4.0-Release|Any CPU.Build.0 = Release|Any CPU
		{8F0938A8-A8F7-4059-80EE-F459E7BFD941}.v4.0-Release|Mixed Platforms.ActiveCfg = Release|Any CPU
		{8F0938A8-A8F7-4059-80EE-F459E7BFD941}.v4.0-Release|Mixed Platforms.Build.0 = Release|Any CPU
		{8F0938A8-A8F7-4059-80EE-F459E7BFD941}.v4.0-Release|x86.ActiveCfg = Release|Any CPU
		{279C7C4A-DE83-4421-BA63-ADB93C4424D3}.Debug|Any CPU.ActiveCfg = Debug|x86
		{279C7C4A-DE83-4421-BA63-ADB93C4424D3}.Debug|Mixed Platforms.ActiveCfg = Debug|x86
		{279C7C4A-DE83-4421-BA63-ADB93C4424D3}.Debug|Mixed Platforms.Build.0 = Debug|x86
		{279C7C4A-DE83-4421-BA63-ADB93C4424D3}.Debug|x86.ActiveCfg = Debug|x86
		{279C7C4A-DE83-4421-BA63-ADB93C4424D3}.Debug|x86.Build.0 = Debug|x86
		{279C7C4A-DE83-4421-BA63-ADB93C4424D3}.Release|Any CPU.ActiveCfg = Release|x86
		{279C7C4A-DE83-4421-BA63-ADB93C4424D3}.Release|Mixed Platforms.ActiveCfg = Release|x86
		{279C7C4A-DE83-4421-BA63-ADB93C4424D3}.Release|Mixed Platforms.Build.0 = Release|x86
		{279C7C4A-DE83-4421-BA63-ADB93C4424D3}.Release|x86.ActiveCfg = Release|x86
		{279C7C4A-DE83-4421-BA63-ADB93C4424D3}.Release|x86.Build.0 = Release|x86
		{279C7C4A-DE83-4421-BA63-ADB93C4424D3}.v4.0-Debug|Any CPU.ActiveCfg = Debug|x86
		{279C7C4A-DE83-4421-BA63-ADB93C4424D3}.v4.0-Debug|Mixed Platforms.ActiveCfg = Debug|x86
		{279C7C4A-DE83-4421-BA63-ADB93C4424D3}.v4.0-Debug|Mixed Platforms.Build.0 = Debug|x86
		{279C7C4A-DE83-4421-BA63-ADB93C4424D3}.v4.0-Debug|x86.ActiveCfg = Debug|x86
		{279C7C4A-DE83-4421-BA63-ADB93C4424D3}.v4.0-Debug|x86.Build.0 = Debug|x86
		{279C7C4A-DE83-4421-BA63-ADB93C4424D3}.v4.0-Release|Any CPU.ActiveCfg = Release|x86
		{279C7C4A-DE83-4421-BA63-ADB93C4424D3}.v4.0-Release|Mixed Platforms.ActiveCfg = Release|x86
		{279C7C4A-DE83-4421-BA63-ADB93C4424D3}.v4.0-Release|Mixed Platforms.Build.0 = Release|x86
		{279C7C4A-DE83-4421-BA63-ADB93C4424D3}.v4.0-Release|x86.ActiveCfg = Release|x86
		{279C7C4A-DE83-4421-BA63-ADB93C4424D3}.v4.0-Release|x86.Build.0 = Release|x86
		{492ED09E-B87C-49A9-86AD-C40B224B5A0A}.Debug|Any CPU.ActiveCfg = Debug|x86
		{492ED09E-B87C-49A9-86AD-C40B224B5A0A}.Debug|Mixed Platforms.ActiveCfg = Debug|x86
		{492ED09E-B87C-49A9-86AD-C40B224B5A0A}.Debug|Mixed Platforms.Build.0 = Debug|x86
		{492ED09E-B87C-49A9-86AD-C40B224B5A0A}.Debug|x86.ActiveCfg = Debug|x86
		{492ED09E-B87C-49A9-86AD-C40B224B5A0A}.Debug|x86.Build.0 = Debug|x86
		{492ED09E-B87C-49A9-86AD-C40B224B5A0A}.Release|Any CPU.ActiveCfg = Release|x86
		{492ED09E-B87C-49A9-86AD-C40B224B5A0A}.Release|Mixed Platforms.ActiveCfg = Release|x86
		{492ED09E-B87C-49A9-86AD-C40B224B5A0A}.Release|Mixed Platforms.Build.0 = Release|x86
		{492ED09E-B87C-49A9-86AD-C40B224B5A0A}.Release|x86.ActiveCfg = Release|x86
		{492ED09E-B87C-49A9-86AD-C40B224B5A0A}.Release|x86.Build.0 = Release|x86
		{492ED09E-B87C-49A9-86AD-C40B224B5A0A}.v4.0-Debug|Any CPU.ActiveCfg = Debug|x86
		{492ED09E-B87C-49A9-86AD-C40B224B5A0A}.v4.0-Debug|Mixed Platforms.ActiveCfg = Debug|x86
		{492ED09E-B87C-49A9-86AD-C40B224B5A0A}.v4.0-Debug|Mixed Platforms.Build.0 = Debug|x86
		{492ED09E-B87C-49A9-86AD-C40B224B5A0A}.v4.0-Debug|x86.ActiveCfg = Debug|x86
		{492ED09E-B87C-49A9-86AD-C40B224B5A0A}.v4.0-Debug|x86.Build.0 = Debug|x86
		{492ED09E-B87C-49A9-86AD-C40B224B5A0A}.v4.0-Release|Any CPU.ActiveCfg = Release|x86
		{492ED09E-B87C-49A9-86AD-C40B224B5A0A}.v4.0-Release|Mixed Platforms.ActiveCfg = Release|x86
		{492ED09E-B87C-49A9-86AD-C40B224B5A0A}.v4.0-Release|Mixed Platforms.Build.0 = Release|x86
		{492ED09E-B87C-49A9-86AD-C40B224B5A0A}.v4.0-Release|x86.ActiveCfg = Release|x86
		{492ED09E-B87C-49A9-86AD-C40B224B5A0A}.v4.0-Release|x86.Build.0 = Release|x86
	EndGlobalSection
	GlobalSection(SolutionProperties) = preSolution
		HideSolutionNode = FALSE
	EndGlobalSection
EndGlobal
